
Microsoft Visual Studio Solution File, Format Version 12.00
# Visual Studio Version 16
VisualStudioVersion = 16.0.31911.196
MinimumVisualStudioVersion = 10.0.40219.1
Project("{9A19103F-16F7-4668-BE54-9A1E7A4F7556}") = "CNPJ_API", "CNPJ_API\CNPJ_API.csproj", "{FE829FE8-5547-43B3-AF04-8809EB9662F1}"
EndProject
Project("{9A19103F-16F7-4668-BE54-9A1E7A4F7556}") = "CNPJ_MODELS", "CNPJ_MODELS\CNPJ_MODELS.csproj", "{44333FC1-9C76-4EC4-9228-54B48C1C078D}"
EndProject
Project("{FAE04EC0-301F-11D3-BF4B-00C04F79EFBC}") = "CNPJ_Application", "CNPJ_Application\CNPJ_Application.csproj", "{F5B23679-BABB-4437-833D-F64A5E64C732}"
EndProject
Project("{FAE04EC0-301F-11D3-BF4B-00C04F79EFBC}") = "CNPJ_Persistence", "CNPJ_Persistence\CNPJ_Persistence.csproj", "{B5E50799-9B36-4372-AE5A-764237A26683}"
EndProject
Global
	GlobalSection(SolutionConfigurationPlatforms) = preSolution
		Debug|Any CPU = Debug|Any CPU
		Release|Any CPU = Release|Any CPU
	EndGlobalSection
	GlobalSection(ProjectConfigurationPlatforms) = postSolution
		{FE829FE8-5547-43B3-AF04-8809EB9662F1}.Debug|Any CPU.ActiveCfg = Debug|Any CPU
		{FE829FE8-5547-43B3-AF04-8809EB9662F1}.Debug|Any CPU.Build.0 = Debug|Any CPU
		{FE829FE8-5547-43B3-AF04-8809EB9662F1}.Release|Any CPU.ActiveCfg = Release|Any CPU
		{FE829FE8-5547-43B3-AF04-8809EB9662F1}.Release|Any CPU.Build.0 = Release|Any CPU
		{44333FC1-9C76-4EC4-9228-54B48C1C078D}.Debug|Any CPU.ActiveCfg = Debug|Any CPU
		{44333FC1-9C76-4EC4-9228-54B48C1C078D}.Debug|Any CPU.Build.0 = Debug|Any CPU
		{44333FC1-9C76-4EC4-9228-54B48C1C078D}.Release|Any CPU.ActiveCfg = Release|Any CPU
		{44333FC1-9C76-4EC4-9228-54B48C1C078D}.Release|Any CPU.Build.0 = Release|Any CPU
		{F5B23679-BABB-4437-833D-F64A5E64C732}.Debug|Any CPU.ActiveCfg = Debug|Any CPU
		{F5B23679-BABB-4437-833D-F64A5E64C732}.Debug|Any CPU.Build.0 = Debug|Any CPU
		{F5B23679-BABB-4437-833D-F64A5E64C732}.Release|Any CPU.ActiveCfg = Release|Any CPU
		{F5B23679-BABB-4437-833D-F64A5E64C732}.Release|Any CPU.Build.0 = Release|Any CPU
		{B5E50799-9B36-4372-AE5A-764237A26683}.Debug|Any CPU.ActiveCfg = Debug|Any CPU
		{B5E50799-9B36-4372-AE5A-764237A26683}.Debug|Any CPU.Build.0 = Debug|Any CPU
		{B5E50799-9B36-4372-AE5A-764237A26683}.Release|Any CPU.ActiveCfg = Release|Any CPU
		{B5E50799-9B36-4372-AE5A-764237A26683}.Release|Any CPU.Build.0 = Release|Any CPU
	EndGlobalSection
	GlobalSection(SolutionProperties) = preSolution
		HideSolutionNode = FALSE
	EndGlobalSection
	GlobalSection(ExtensibilityGlobals) = postSolution
		SolutionGuid = {D97312B8-641B-46FA-8B0C-A92823548958}
	EndGlobalSection
EndGlobal
